
Microsoft Visual Studio Solution File, Format Version 12.00
# Visual Studio 15
VisualStudioVersion = 15.0.26124.0
MinimumVisualStudioVersion = 15.0.26124.0
Project("{FAE04EC0-301F-11D3-BF4B-00C04F79EFBC}") = "AnimeDownloaderCLI", "AnimeDownloaderCLI.csproj", "{45DE066F-8E3E-4516-944E-0EA429400241}"
EndProject
Global
	GlobalSection(SolutionConfigurationPlatforms) = preSolution
		Debug|Any CPU = Debug|Any CPU
		Debug|x64 = Debug|x64
		Debug|x86 = Debug|x86
		Release|Any CPU = Release|Any CPU
		Release|x64 = Release|x64
		Release|x86 = Release|x86
	EndGlobalSection
	GlobalSection(SolutionProperties) = preSolution
		HideSolutionNode = FALSE
	EndGlobalSection
	GlobalSection(ProjectConfigurationPlatforms) = postSolution
		{45DE066F-8E3E-4516-944E-0EA429400241}.Debug|Any CPU.ActiveCfg = Debug|Any CPU
		{45DE066F-8E3E-4516-944E-0EA429400241}.Debug|Any CPU.Build.0 = Debug|Any CPU
		{45DE066F-8E3E-4516-944E-0EA429400241}.Debug|x64.ActiveCfg = Debug|Any CPU
		{45DE066F-8E3E-4516-944E-0EA429400241}.Debug|x64.Build.0 = Debug|Any CPU
		{45DE066F-8E3E-4516-944E-0EA429400241}.Debug|x86.ActiveCfg = Debug|Any CPU
		{45DE066F-8E3E-4516-944E-0EA429400241}.Debug|x86.Build.0 = Debug|Any CPU
		{45DE066F-8E3E-4516-944E-0EA429400241}.Release|Any CPU.ActiveCfg = Release|Any CPU
		{45DE066F-8E3E-4516-944E-0EA429400241}.Release|Any CPU.Build.0 = Release|Any CPU
		{45DE066F-8E3E-4516-944E-0EA429400241}.Release|x64.ActiveCfg = Release|Any CPU
		{45DE066F-8E3E-4516-944E-0EA429400241}.Release|x64.Build.0 = Release|Any CPU
		{45DE066F-8E3E-4516-944E-0EA429400241}.Release|x86.ActiveCfg = Release|Any CPU
		{45DE066F-8E3E-4516-944E-0EA429400241}.Release|x86.Build.0 = Release|Any CPU
	EndGlobalSection
EndGlobal
