
Microsoft Visual Studio Solution File, Format Version 12.00
# Visual Studio 15
VisualStudioVersion = 15.0.28307.106
MinimumVisualStudioVersion = 10.0.40219.1
Project("{FAE04EC0-301F-11D3-BF4B-00C04F79EFBC}") = "AnimeDown", "AnimeDown.csproj", "{DADF7173-BE79-40B4-A2A0-59EB00F5B1CB}"
EndProject
Global
	GlobalSection(SolutionConfigurationPlatforms) = preSolution
		Debug|Any CPU = Debug|Any CPU
		Release|Any CPU = Release|Any CPU
	EndGlobalSection
	GlobalSection(ProjectConfigurationPlatforms) = postSolution
		{DADF7173-BE79-40B4-A2A0-59EB00F5B1CB}.Debug|Any CPU.ActiveCfg = Debug|Any CPU
		{DADF7173-BE79-40B4-A2A0-59EB00F5B1CB}.Debug|Any CPU.Build.0 = Debug|Any CPU
		{DADF7173-BE79-40B4-A2A0-59EB00F5B1CB}.Release|Any CPU.ActiveCfg = Release|Any CPU
		{DADF7173-BE79-40B4-A2A0-59EB00F5B1CB}.Release|Any CPU.Build.0 = Release|Any CPU
	EndGlobalSection
	GlobalSection(SolutionProperties) = preSolution
		HideSolutionNode = FALSE
	EndGlobalSection
	GlobalSection(ExtensibilityGlobals) = postSolution
		SolutionGuid = {B03981AA-6D15-4732-B5D7-7CA54A3F7243}
	EndGlobalSection
EndGlobal
